// !$*UTF8*$!
{
	archiveVersion = 1;
	classes = {
	};
	objectVersion = 56;
	objects = {

/* Begin PBXBuildFile section */
		B58B33572D1C2C8700ADB39C /* SwiftCryptoApp.swift in Sources */ = {isa = PBXBuildFile; fileRef = B58B33562D1C2C8700ADB39C /* SwiftCryptoApp.swift */; };
		B58B33592D1C2C8700ADB39C /* ContentView.swift in Sources */ = {isa = PBXBuildFile; fileRef = B58B33582D1C2C8700ADB39C /* ContentView.swift */; };
		B58B335E2D1C2C8800ADB39C /* Preview Assets.xcassets in Resources */ = {isa = PBXBuildFile; fileRef = B58B335D2D1C2C8800ADB39C /* Preview Assets.xcassets */; };
		B58B33652D1C2D6000ADB39C /* Assets.xcassets in Resources */ = {isa = PBXBuildFile; fileRef = B58B33642D1C2D6000ADB39C /* Assets.xcassets */; };
		B58B33682D1C2E6300ADB39C /* Color.swift in Sources */ = {isa = PBXBuildFile; fileRef = B58B33672D1C2E6300ADB39C /* Color.swift */; };
		B58B336E2D1C302300ADB39C /* HomeView.swift in Sources */ = {isa = PBXBuildFile; fileRef = B58B336D2D1C302300ADB39C /* HomeView.swift */; };
		B58B33722D1C30CF00ADB39C /* CircleButtonView.swift in Sources */ = {isa = PBXBuildFile; fileRef = B58B33712D1C30CF00ADB39C /* CircleButtonView.swift */; };
		B58B33742D1C331300ADB39C /* CircleButtonAnimationView.swift in Sources */ = {isa = PBXBuildFile; fileRef = B58B33732D1C331300ADB39C /* CircleButtonAnimationView.swift */; };
		B58B33772D1D3AAB00ADB39C /* CoinModel.swift in Sources */ = {isa = PBXBuildFile; fileRef = B58B33762D1D3AAB00ADB39C /* CoinModel.swift */; };
		B58B33792D1D48C500ADB39C /* CoinRowView.swift in Sources */ = {isa = PBXBuildFile; fileRef = B58B33782D1D48C500ADB39C /* CoinRowView.swift */; };
		B58B337B2D1D491200ADB39C /* PreviewProvider.swift in Sources */ = {isa = PBXBuildFile; fileRef = B58B337A2D1D491200ADB39C /* PreviewProvider.swift */; };
		B58B337D2D1D4F3C00ADB39C /* Double.swift in Sources */ = {isa = PBXBuildFile; fileRef = B58B337C2D1D4F3C00ADB39C /* Double.swift */; };
		B58B337F2D1D5CAA00ADB39C /* HomeViewModel.swift in Sources */ = {isa = PBXBuildFile; fileRef = B58B337E2D1D5CAA00ADB39C /* HomeViewModel.swift */; };
		B58B33822D1D6C9900ADB39C /* CoinDataService.swift in Sources */ = {isa = PBXBuildFile; fileRef = B58B33812D1D6C9900ADB39C /* CoinDataService.swift */; };
		B58B33852D1D795400ADB39C /* NetworkingManager.swift in Sources */ = {isa = PBXBuildFile; fileRef = B58B33842D1D795400ADB39C /* NetworkingManager.swift */; };
		B58B33882D1D881700ADB39C /* CoinImageView.swift in Sources */ = {isa = PBXBuildFile; fileRef = B58B33872D1D881700ADB39C /* CoinImageView.swift */; };
		B58B338A2D1D898100ADB39C /* CoinImageService.swift in Sources */ = {isa = PBXBuildFile; fileRef = B58B33892D1D898100ADB39C /* CoinImageService.swift */; };
		B58B338C2D1D8AA600ADB39C /* CoinImageViewModel.swift in Sources */ = {isa = PBXBuildFile; fileRef = B58B338B2D1D8AA600ADB39C /* CoinImageViewModel.swift */; };
		B58B338E2D1D8EE000ADB39C /* LocalFileManager.swift in Sources */ = {isa = PBXBuildFile; fileRef = B58B338D2D1D8EE000ADB39C /* LocalFileManager.swift */; };
		B58B33902D1D9A3E00ADB39C /* SearchBarView.swift in Sources */ = {isa = PBXBuildFile; fileRef = B58B338F2D1D9A3E00ADB39C /* SearchBarView.swift */; };
		B58B33922D1D9D7C00ADB39C /* UIApplication.swift in Sources */ = {isa = PBXBuildFile; fileRef = B58B33912D1D9D7C00ADB39C /* UIApplication.swift */; };
		B58B33942D1DBE4800ADB39C /* StatisticModel.swift in Sources */ = {isa = PBXBuildFile; fileRef = B58B33932D1DBE4800ADB39C /* StatisticModel.swift */; };
		B58B33962D1DBF5400ADB39C /* StatisticView.swift in Sources */ = {isa = PBXBuildFile; fileRef = B58B33952D1DBF5400ADB39C /* StatisticView.swift */; };
		B58B33982D1DC14C00ADB39C /* HomeStatsView.swift in Sources */ = {isa = PBXBuildFile; fileRef = B58B33972D1DC14C00ADB39C /* HomeStatsView.swift */; };
		B58B339A2D1EABCF00ADB39C /* MarketDataModel.swift in Sources */ = {isa = PBXBuildFile; fileRef = B58B33992D1EABCF00ADB39C /* MarketDataModel.swift */; };
		B58B339C2D1EAF8300ADB39C /* MarketDataService.swift in Sources */ = {isa = PBXBuildFile; fileRef = B58B339B2D1EAF8300ADB39C /* MarketDataService.swift */; };
		B58B339E2D1EBE1100ADB39C /* PortfolioView.swift in Sources */ = {isa = PBXBuildFile; fileRef = B58B339D2D1EBE1100ADB39C /* PortfolioView.swift */; };
		B58B33A02D1EBF9100ADB39C /* XmarkButton.swift in Sources */ = {isa = PBXBuildFile; fileRef = B58B339F2D1EBF9100ADB39C /* XmarkButton.swift */; };
		B58B33A22D1EC3CF00ADB39C /* CoinLogoView.swift in Sources */ = {isa = PBXBuildFile; fileRef = B58B33A12D1EC3CF00ADB39C /* CoinLogoView.swift */; };
		B58B33A52D1F193800ADB39C /* PortfolioContainer.xcdatamodeld in Sources */ = {isa = PBXBuildFile; fileRef = B58B33A32D1F193800ADB39C /* PortfolioContainer.xcdatamodeld */; };
		B58B33A72D1F1A7600ADB39C /* PortfolioDataService.swift in Sources */ = {isa = PBXBuildFile; fileRef = B58B33A62D1F1A7600ADB39C /* PortfolioDataService.swift */; };
		B58B33A92D2038E900ADB39C /* HapticManager.swift in Sources */ = {isa = PBXBuildFile; fileRef = B58B33A82D2038E900ADB39C /* HapticManager.swift */; };
		B58B33AE2D21581C00ADB39C /* DetailView.swift in Sources */ = {isa = PBXBuildFile; fileRef = B58B33AD2D21581C00ADB39C /* DetailView.swift */; };
/* End PBXBuildFile section */

/* Begin PBXFileReference section */
		B58B33532D1C2C8700ADB39C /* SwiftCrypto.app */ = {isa = PBXFileReference; explicitFileType = wrapper.application; includeInIndex = 0; path = SwiftCrypto.app; sourceTree = BUILT_PRODUCTS_DIR; };
		B58B33562D1C2C8700ADB39C /* SwiftCryptoApp.swift */ = {isa = PBXFileReference; lastKnownFileType = sourcecode.swift; path = SwiftCryptoApp.swift; sourceTree = "<group>"; };
		B58B33582D1C2C8700ADB39C /* ContentView.swift */ = {isa = PBXFileReference; lastKnownFileType = sourcecode.swift; path = ContentView.swift; sourceTree = "<group>"; };
		B58B335D2D1C2C8800ADB39C /* Preview Assets.xcassets */ = {isa = PBXFileReference; lastKnownFileType = folder.assetcatalog; path = "Preview Assets.xcassets"; sourceTree = "<group>"; };
		B58B33642D1C2D6000ADB39C /* Assets.xcassets */ = {isa = PBXFileReference; lastKnownFileType = folder.assetcatalog; name = Assets.xcassets; path = ../../../../../Downloads/Resources/Assets.xcassets; sourceTree = "<group>"; };
		B58B33672D1C2E6300ADB39C /* Color.swift */ = {isa = PBXFileReference; lastKnownFileType = sourcecode.swift; path = Color.swift; sourceTree = "<group>"; };
		B58B336D2D1C302300ADB39C /* HomeView.swift */ = {isa = PBXFileReference; lastKnownFileType = sourcecode.swift; path = HomeView.swift; sourceTree = "<group>"; };
		B58B33712D1C30CF00ADB39C /* CircleButtonView.swift */ = {isa = PBXFileReference; lastKnownFileType = sourcecode.swift; path = CircleButtonView.swift; sourceTree = "<group>"; };
		B58B33732D1C331300ADB39C /* CircleButtonAnimationView.swift */ = {isa = PBXFileReference; lastKnownFileType = sourcecode.swift; path = CircleButtonAnimationView.swift; sourceTree = "<group>"; };
		B58B33762D1D3AAB00ADB39C /* CoinModel.swift */ = {isa = PBXFileReference; lastKnownFileType = sourcecode.swift; path = CoinModel.swift; sourceTree = "<group>"; };
		B58B33782D1D48C500ADB39C /* CoinRowView.swift */ = {isa = PBXFileReference; lastKnownFileType = sourcecode.swift; path = CoinRowView.swift; sourceTree = "<group>"; };
		B58B337A2D1D491200ADB39C /* PreviewProvider.swift */ = {isa = PBXFileReference; lastKnownFileType = sourcecode.swift; path = PreviewProvider.swift; sourceTree = "<group>"; };
		B58B337C2D1D4F3C00ADB39C /* Double.swift */ = {isa = PBXFileReference; lastKnownFileType = sourcecode.swift; path = Double.swift; sourceTree = "<group>"; };
		B58B337E2D1D5CAA00ADB39C /* HomeViewModel.swift */ = {isa = PBXFileReference; lastKnownFileType = sourcecode.swift; path = HomeViewModel.swift; sourceTree = "<group>"; };
		B58B33812D1D6C9900ADB39C /* CoinDataService.swift */ = {isa = PBXFileReference; lastKnownFileType = sourcecode.swift; path = CoinDataService.swift; sourceTree = "<group>"; };
		B58B33842D1D795400ADB39C /* NetworkingManager.swift */ = {isa = PBXFileReference; lastKnownFileType = sourcecode.swift; path = NetworkingManager.swift; sourceTree = "<group>"; };
		B58B33872D1D881700ADB39C /* CoinImageView.swift */ = {isa = PBXFileReference; lastKnownFileType = sourcecode.swift; path = CoinImageView.swift; sourceTree = "<group>"; };
		B58B33892D1D898100ADB39C /* CoinImageService.swift */ = {isa = PBXFileReference; lastKnownFileType = sourcecode.swift; path = CoinImageService.swift; sourceTree = "<group>"; };
		B58B338B2D1D8AA600ADB39C /* CoinImageViewModel.swift */ = {isa = PBXFileReference; lastKnownFileType = sourcecode.swift; path = CoinImageViewModel.swift; sourceTree = "<group>"; };
		B58B338D2D1D8EE000ADB39C /* LocalFileManager.swift */ = {isa = PBXFileReference; lastKnownFileType = sourcecode.swift; path = LocalFileManager.swift; sourceTree = "<group>"; };
		B58B338F2D1D9A3E00ADB39C /* SearchBarView.swift */ = {isa = PBXFileReference; lastKnownFileType = sourcecode.swift; path = SearchBarView.swift; sourceTree = "<group>"; };
		B58B33912D1D9D7C00ADB39C /* UIApplication.swift */ = {isa = PBXFileReference; lastKnownFileType = sourcecode.swift; path = UIApplication.swift; sourceTree = "<group>"; };
		B58B33932D1DBE4800ADB39C /* StatisticModel.swift */ = {isa = PBXFileReference; lastKnownFileType = sourcecode.swift; path = StatisticModel.swift; sourceTree = "<group>"; };
		B58B33952D1DBF5400ADB39C /* StatisticView.swift */ = {isa = PBXFileReference; lastKnownFileType = sourcecode.swift; path = StatisticView.swift; sourceTree = "<group>"; };
		B58B33972D1DC14C00ADB39C /* HomeStatsView.swift */ = {isa = PBXFileReference; lastKnownFileType = sourcecode.swift; path = HomeStatsView.swift; sourceTree = "<group>"; };
		B58B33992D1EABCF00ADB39C /* MarketDataModel.swift */ = {isa = PBXFileReference; lastKnownFileType = sourcecode.swift; path = MarketDataModel.swift; sourceTree = "<group>"; };
		B58B339B2D1EAF8300ADB39C /* MarketDataService.swift */ = {isa = PBXFileReference; lastKnownFileType = sourcecode.swift; path = MarketDataService.swift; sourceTree = "<group>"; };
		B58B339D2D1EBE1100ADB39C /* PortfolioView.swift */ = {isa = PBXFileReference; lastKnownFileType = sourcecode.swift; path = PortfolioView.swift; sourceTree = "<group>"; };
		B58B339F2D1EBF9100ADB39C /* XmarkButton.swift */ = {isa = PBXFileReference; lastKnownFileType = sourcecode.swift; path = XmarkButton.swift; sourceTree = "<group>"; };
		B58B33A12D1EC3CF00ADB39C /* CoinLogoView.swift */ = {isa = PBXFileReference; lastKnownFileType = sourcecode.swift; path = CoinLogoView.swift; sourceTree = "<group>"; };
		B58B33A42D1F193800ADB39C /* PortfolioContainer.xcdatamodel */ = {isa = PBXFileReference; lastKnownFileType = wrapper.xcdatamodel; path = PortfolioContainer.xcdatamodel; sourceTree = "<group>"; };
		B58B33A62D1F1A7600ADB39C /* PortfolioDataService.swift */ = {isa = PBXFileReference; lastKnownFileType = sourcecode.swift; path = PortfolioDataService.swift; sourceTree = "<group>"; };
		B58B33A82D2038E900ADB39C /* HapticManager.swift */ = {isa = PBXFileReference; lastKnownFileType = sourcecode.swift; path = HapticManager.swift; sourceTree = "<group>"; };
		B58B33AD2D21581C00ADB39C /* DetailView.swift */ = {isa = PBXFileReference; lastKnownFileType = sourcecode.swift; path = DetailView.swift; sourceTree = "<group>"; };
/* End PBXFileReference section */

/* Begin PBXFrameworksBuildPhase section */
		B58B33502D1C2C8700ADB39C /* Frameworks */ = {
			isa = PBXFrameworksBuildPhase;
			buildActionMask = 2147483647;
			files = (
			);
			runOnlyForDeploymentPostprocessing = 0;
		};
/* End PBXFrameworksBuildPhase section */

/* Begin PBXGroup section */
		B58B334A2D1C2C8700ADB39C = {
			isa = PBXGroup;
			children = (
				B58B33552D1C2C8700ADB39C /* SwiftCrypto */,
				B58B33542D1C2C8700ADB39C /* Products */,
			);
			sourceTree = "<group>";
		};
		B58B33542D1C2C8700ADB39C /* Products */ = {
			isa = PBXGroup;
			children = (
				B58B33532D1C2C8700ADB39C /* SwiftCrypto.app */,
			);
			name = Products;
			sourceTree = "<group>";
		};
		B58B33552D1C2C8700ADB39C /* SwiftCrypto */ = {
			isa = PBXGroup;
			children = (
				B58B33832D1D793000ADB39C /* Utilities */,
				B58B33662D1C2E5100ADB39C /* Extensions */,
				B58B33802D1D6C7900ADB39C /* Services */,
				B58B33752D1D3A9300ADB39C /* Models */,
				B58B33692D1C2FE700ADB39C /* Core */,
				B58B33562D1C2C8700ADB39C /* SwiftCryptoApp.swift */,
				B58B33582D1C2C8700ADB39C /* ContentView.swift */,
				B58B33642D1C2D6000ADB39C /* Assets.xcassets */,
				B58B335C2D1C2C8800ADB39C /* Preview Content */,
			);
			path = SwiftCrypto;
			sourceTree = "<group>";
		};
		B58B335C2D1C2C8800ADB39C /* Preview Content */ = {
			isa = PBXGroup;
			children = (
				B58B335D2D1C2C8800ADB39C /* Preview Assets.xcassets */,
			);
			path = "Preview Content";
			sourceTree = "<group>";
		};
		B58B33662D1C2E5100ADB39C /* Extensions */ = {
			isa = PBXGroup;
			children = (
				B58B33672D1C2E6300ADB39C /* Color.swift */,
				B58B337A2D1D491200ADB39C /* PreviewProvider.swift */,
				B58B337C2D1D4F3C00ADB39C /* Double.swift */,
				B58B33912D1D9D7C00ADB39C /* UIApplication.swift */,
			);
			path = Extensions;
			sourceTree = "<group>";
		};
		B58B33692D1C2FE700ADB39C /* Core */ = {
			isa = PBXGroup;
			children = (
				B58B336F2D1C30B000ADB39C /* Components */,
				B58B33AA2D2157EF00ADB39C /* Detail */,
				B58B336A2D1C300500ADB39C /* Home */,
			);
			path = Core;
			sourceTree = "<group>";
		};
		B58B336A2D1C300500ADB39C /* Home */ = {
			isa = PBXGroup;
			children = (
				B58B336C2D1C301400ADB39C /* ViewModels */,
				B58B336B2D1C300C00ADB39C /* Views */,
			);
			path = Home;
			sourceTree = "<group>";
		};
		B58B336B2D1C300C00ADB39C /* Views */ = {
			isa = PBXGroup;
			children = (
				B58B336D2D1C302300ADB39C /* HomeView.swift */,
				B58B33972D1DC14C00ADB39C /* HomeStatsView.swift */,
				B58B33782D1D48C500ADB39C /* CoinRowView.swift */,
				B58B339D2D1EBE1100ADB39C /* PortfolioView.swift */,
			);
			path = Views;
			sourceTree = "<group>";
		};
		B58B336C2D1C301400ADB39C /* ViewModels */ = {
			isa = PBXGroup;
			children = (
				B58B337E2D1D5CAA00ADB39C /* HomeViewModel.swift */,
			);
			path = ViewModels;
			sourceTree = "<group>";
		};
		B58B336F2D1C30B000ADB39C /* Components */ = {
			isa = PBXGroup;
			children = (
				B58B33862D1D880800ADB39C /* CoinImage */,
				B58B33702D1C30C100ADB39C /* CircleButton */,
				B58B338F2D1D9A3E00ADB39C /* SearchBarView.swift */,
				B58B33952D1DBF5400ADB39C /* StatisticView.swift */,
				B58B339F2D1EBF9100ADB39C /* XmarkButton.swift */,
			);
			path = Components;
			sourceTree = "<group>";
		};
		B58B33702D1C30C100ADB39C /* CircleButton */ = {
			isa = PBXGroup;
			children = (
				B58B33712D1C30CF00ADB39C /* CircleButtonView.swift */,
				B58B33732D1C331300ADB39C /* CircleButtonAnimationView.swift */,
			);
			path = CircleButton;
			sourceTree = "<group>";
		};
		B58B33752D1D3A9300ADB39C /* Models */ = {
			isa = PBXGroup;
			children = (
				B58B33762D1D3AAB00ADB39C /* CoinModel.swift */,
				B58B33932D1DBE4800ADB39C /* StatisticModel.swift */,
				B58B33992D1EABCF00ADB39C /* MarketDataModel.swift */,
				B58B33A32D1F193800ADB39C /* PortfolioContainer.xcdatamodeld */,
			);
			path = Models;
			sourceTree = "<group>";
		};
		B58B33802D1D6C7900ADB39C /* Services */ = {
			isa = PBXGroup;
			children = (
				B58B33812D1D6C9900ADB39C /* CoinDataService.swift */,
				B58B33892D1D898100ADB39C /* CoinImageService.swift */,
				B58B339B2D1EAF8300ADB39C /* MarketDataService.swift */,
				B58B33A62D1F1A7600ADB39C /* PortfolioDataService.swift */,
			);
			path = Services;
			sourceTree = "<group>";
		};
		B58B33832D1D793000ADB39C /* Utilities */ = {
			isa = PBXGroup;
			children = (
				B58B33842D1D795400ADB39C /* NetworkingManager.swift */,
				B58B338D2D1D8EE000ADB39C /* LocalFileManager.swift */,
				B58B33A82D2038E900ADB39C /* HapticManager.swift */,
			);
			path = Utilities;
			sourceTree = "<group>";
		};
		B58B33862D1D880800ADB39C /* CoinImage */ = {
			isa = PBXGroup;
			children = (
				B58B33872D1D881700ADB39C /* CoinImageView.swift */,
				B58B338B2D1D8AA600ADB39C /* CoinImageViewModel.swift */,
				B58B33A12D1EC3CF00ADB39C /* CoinLogoView.swift */,
			);
			path = CoinImage;
			sourceTree = "<group>";
		};
		B58B33AA2D2157EF00ADB39C /* Detail */ = {
			isa = PBXGroup;
			children = (
				B58B33AC2D21581000ADB39C /* Views */,
				B58B33AB2D21580A00ADB39C /* ViewModels */,
			);
			path = Detail;
			sourceTree = "<group>";
		};
		B58B33AB2D21580A00ADB39C /* ViewModels */ = {
			isa = PBXGroup;
			children = (
			);
			path = ViewModels;
			sourceTree = "<group>";
		};
		B58B33AC2D21581000ADB39C /* Views */ = {
			isa = PBXGroup;
			children = (
				B58B33AD2D21581C00ADB39C /* DetailView.swift */,
			);
			path = Views;
			sourceTree = "<group>";
		};
/* End PBXGroup section */

/* Begin PBXNativeTarget section */
		B58B33522D1C2C8700ADB39C /* SwiftCrypto */ = {
			isa = PBXNativeTarget;
			buildConfigurationList = B58B33612D1C2C8800ADB39C /* Build configuration list for PBXNativeTarget "SwiftCrypto" */;
			buildPhases = (
				B58B334F2D1C2C8700ADB39C /* Sources */,
				B58B33502D1C2C8700ADB39C /* Frameworks */,
				B58B33512D1C2C8700ADB39C /* Resources */,
			);
			buildRules = (
			);
			dependencies = (
			);
			name = SwiftCrypto;
			productName = SwiftCrypto;
			productReference = B58B33532D1C2C8700ADB39C /* SwiftCrypto.app */;
			productType = "com.apple.product-type.application";
		};
/* End PBXNativeTarget section */

/* Begin PBXProject section */
		B58B334B2D1C2C8700ADB39C /* Project object */ = {
			isa = PBXProject;
			attributes = {
				BuildIndependentTargetsInParallel = 1;
				LastSwiftUpdateCheck = 1540;
				LastUpgradeCheck = 1540;
				TargetAttributes = {
					B58B33522D1C2C8700ADB39C = {
						CreatedOnToolsVersion = 15.4;
					};
				};
			};
			buildConfigurationList = B58B334E2D1C2C8700ADB39C /* Build configuration list for PBXProject "SwiftCrypto" */;
			compatibilityVersion = "Xcode 14.0";
			developmentRegion = en;
			hasScannedForEncodings = 0;
			knownRegions = (
				en,
				Base,
			);
			mainGroup = B58B334A2D1C2C8700ADB39C;
			productRefGroup = B58B33542D1C2C8700ADB39C /* Products */;
			projectDirPath = "";
			projectRoot = "";
			targets = (
				B58B33522D1C2C8700ADB39C /* SwiftCrypto */,
			);
		};
/* End PBXProject section */

/* Begin PBXResourcesBuildPhase section */
		B58B33512D1C2C8700ADB39C /* Resources */ = {
			isa = PBXResourcesBuildPhase;
			buildActionMask = 2147483647;
			files = (
				B58B335E2D1C2C8800ADB39C /* Preview Assets.xcassets in Resources */,
				B58B33652D1C2D6000ADB39C /* Assets.xcassets in Resources */,
			);
			runOnlyForDeploymentPostprocessing = 0;
		};
/* End PBXResourcesBuildPhase section */

/* Begin PBXSourcesBuildPhase section */
		B58B334F2D1C2C8700ADB39C /* Sources */ = {
			isa = PBXSourcesBuildPhase;
			buildActionMask = 2147483647;
			files = (
				B58B33A52D1F193800ADB39C /* PortfolioContainer.xcdatamodeld in Sources */,
				B58B33942D1DBE4800ADB39C /* StatisticModel.swift in Sources */,
				B58B33822D1D6C9900ADB39C /* CoinDataService.swift in Sources */,
				B58B33792D1D48C500ADB39C /* CoinRowView.swift in Sources */,
				B58B337F2D1D5CAA00ADB39C /* HomeViewModel.swift in Sources */,
				B58B33592D1C2C8700ADB39C /* ContentView.swift in Sources */,
				B58B338E2D1D8EE000ADB39C /* LocalFileManager.swift in Sources */,
				B58B339A2D1EABCF00ADB39C /* MarketDataModel.swift in Sources */,
				B58B336E2D1C302300ADB39C /* HomeView.swift in Sources */,
				B58B33962D1DBF5400ADB39C /* StatisticView.swift in Sources */,
				B58B33882D1D881700ADB39C /* CoinImageView.swift in Sources */,
				B58B33572D1C2C8700ADB39C /* SwiftCryptoApp.swift in Sources */,
				B58B33922D1D9D7C00ADB39C /* UIApplication.swift in Sources */,
				B58B33722D1C30CF00ADB39C /* CircleButtonView.swift in Sources */,
				B58B33682D1C2E6300ADB39C /* Color.swift in Sources */,
				B58B33902D1D9A3E00ADB39C /* SearchBarView.swift in Sources */,
				B58B33AE2D21581C00ADB39C /* DetailView.swift in Sources */,
				B58B33A92D2038E900ADB39C /* HapticManager.swift in Sources */,
				B58B33852D1D795400ADB39C /* NetworkingManager.swift in Sources */,
				B58B33982D1DC14C00ADB39C /* HomeStatsView.swift in Sources */,
				B58B33A22D1EC3CF00ADB39C /* CoinLogoView.swift in Sources */,
				B58B33A02D1EBF9100ADB39C /* XmarkButton.swift in Sources */,
				B58B339C2D1EAF8300ADB39C /* MarketDataService.swift in Sources */,
				B58B33742D1C331300ADB39C /* CircleButtonAnimationView.swift in Sources */,
				B58B338C2D1D8AA600ADB39C /* CoinImageViewModel.swift in Sources */,
				B58B337B2D1D491200ADB39C /* PreviewProvider.swift in Sources */,
				B58B339E2D1EBE1100ADB39C /* PortfolioView.swift in Sources */,
				B58B337D2D1D4F3C00ADB39C /* Double.swift in Sources */,
				B58B338A2D1D898100ADB39C /* CoinImageService.swift in Sources */,
				B58B33772D1D3AAB00ADB39C /* CoinModel.swift in Sources */,
				B58B33A72D1F1A7600ADB39C /* PortfolioDataService.swift in Sources */,
			);
			runOnlyForDeploymentPostprocessing = 0;
		};
/* End PBXSourcesBuildPhase section */

/* Begin XCBuildConfiguration section */
		B58B335F2D1C2C8800ADB39C /* Debug */ = {
			isa = XCBuildConfiguration;
			buildSettings = {
				ALWAYS_SEARCH_USER_PATHS = NO;
				ASSETCATALOG_COMPILER_GENERATE_SWIFT_ASSET_SYMBOL_EXTENSIONS = YES;
				CLANG_ANALYZER_NONNULL = YES;
				CLANG_ANALYZER_NUMBER_OBJECT_CONVERSION = YES_AGGRESSIVE;
				CLANG_CXX_LANGUAGE_STANDARD = "gnu++20";
				CLANG_ENABLE_MODULES = YES;
				CLANG_ENABLE_OBJC_ARC = YES;
				CLANG_ENABLE_OBJC_WEAK = YES;
				CLANG_WARN_BLOCK_CAPTURE_AUTORELEASING = YES;
				CLANG_WARN_BOOL_CONVERSION = YES;
				CLANG_WARN_COMMA = YES;
				CLANG_WARN_CONSTANT_CONVERSION = YES;
				CLANG_WARN_DEPRECATED_OBJC_IMPLEMENTATIONS = YES;
				CLANG_WARN_DIRECT_OBJC_ISA_USAGE = YES_ERROR;
				CLANG_WARN_DOCUMENTATION_COMMENTS = YES;
				CLANG_WARN_EMPTY_BODY = YES;
				CLANG_WARN_ENUM_CONVERSION = YES;
				CLANG_WARN_INFINITE_RECURSION = YES;
				CLANG_WARN_INT_CONVERSION = YES;
				CLANG_WARN_NON_LITERAL_NULL_CONVERSION = YES;
				CLANG_WARN_OBJC_IMPLICIT_RETAIN_SELF = YES;
				CLANG_WARN_OBJC_LITERAL_CONVERSION = YES;
				CLANG_WARN_OBJC_ROOT_CLASS = YES_ERROR;
				CLANG_WARN_QUOTED_INCLUDE_IN_FRAMEWORK_HEADER = YES;
				CLANG_WARN_RANGE_LOOP_ANALYSIS = YES;
				CLANG_WARN_STRICT_PROTOTYPES = YES;
				CLANG_WARN_SUSPICIOUS_MOVE = YES;
				CLANG_WARN_UNGUARDED_AVAILABILITY = YES_AGGRESSIVE;
				CLANG_WARN_UNREACHABLE_CODE = YES;
				CLANG_WARN__DUPLICATE_METHOD_MATCH = YES;
				COPY_PHASE_STRIP = NO;
				DEBUG_INFORMATION_FORMAT = dwarf;
				ENABLE_STRICT_OBJC_MSGSEND = YES;
				ENABLE_TESTABILITY = YES;
				ENABLE_USER_SCRIPT_SANDBOXING = YES;
				GCC_C_LANGUAGE_STANDARD = gnu17;
				GCC_DYNAMIC_NO_PIC = NO;
				GCC_NO_COMMON_BLOCKS = YES;
				GCC_OPTIMIZATION_LEVEL = 0;
				GCC_PREPROCESSOR_DEFINITIONS = (
					"DEBUG=1",
					"$(inherited)",
				);
				GCC_WARN_64_TO_32_BIT_CONVERSION = YES;
				GCC_WARN_ABOUT_RETURN_TYPE = YES_ERROR;
				GCC_WARN_UNDECLARED_SELECTOR = YES;
				GCC_WARN_UNINITIALIZED_AUTOS = YES_AGGRESSIVE;
				GCC_WARN_UNUSED_FUNCTION = YES;
				GCC_WARN_UNUSED_VARIABLE = YES;
				IPHONEOS_DEPLOYMENT_TARGET = 17.5;
				LOCALIZATION_PREFERS_STRING_CATALOGS = YES;
				MTL_ENABLE_DEBUG_INFO = INCLUDE_SOURCE;
				MTL_FAST_MATH = YES;
				ONLY_ACTIVE_ARCH = YES;
				SDKROOT = iphoneos;
				SWIFT_ACTIVE_COMPILATION_CONDITIONS = "DEBUG $(inherited)";
				SWIFT_OPTIMIZATION_LEVEL = "-Onone";
			};
			name = Debug;
		};
		B58B33602D1C2C8800ADB39C /* Release */ = {
			isa = XCBuildConfiguration;
			buildSettings = {
				ALWAYS_SEARCH_USER_PATHS = NO;
				ASSETCATALOG_COMPILER_GENERATE_SWIFT_ASSET_SYMBOL_EXTENSIONS = YES;
				CLANG_ANALYZER_NONNULL = YES;
				CLANG_ANALYZER_NUMBER_OBJECT_CONVERSION = YES_AGGRESSIVE;
				CLANG_CXX_LANGUAGE_STANDARD = "gnu++20";
				CLANG_ENABLE_MODULES = YES;
				CLANG_ENABLE_OBJC_ARC = YES;
				CLANG_ENABLE_OBJC_WEAK = YES;
				CLANG_WARN_BLOCK_CAPTURE_AUTORELEASING = YES;
				CLANG_WARN_BOOL_CONVERSION = YES;
				CLANG_WARN_COMMA = YES;
				CLANG_WARN_CONSTANT_CONVERSION = YES;
				CLANG_WARN_DEPRECATED_OBJC_IMPLEMENTATIONS = YES;
				CLANG_WARN_DIRECT_OBJC_ISA_USAGE = YES_ERROR;
				CLANG_WARN_DOCUMENTATION_COMMENTS = YES;
				CLANG_WARN_EMPTY_BODY = YES;
				CLANG_WARN_ENUM_CONVERSION = YES;
				CLANG_WARN_INFINITE_RECURSION = YES;
				CLANG_WARN_INT_CONVERSION = YES;
				CLANG_WARN_NON_LITERAL_NULL_CONVERSION = YES;
				CLANG_WARN_OBJC_IMPLICIT_RETAIN_SELF = YES;
				CLANG_WARN_OBJC_LITERAL_CONVERSION = YES;
				CLANG_WARN_OBJC_ROOT_CLASS = YES_ERROR;
				CLANG_WARN_QUOTED_INCLUDE_IN_FRAMEWORK_HEADER = YES;
				CLANG_WARN_RANGE_LOOP_ANALYSIS = YES;
				CLANG_WARN_STRICT_PROTOTYPES = YES;
				CLANG_WARN_SUSPICIOUS_MOVE = YES;
				CLANG_WARN_UNGUARDED_AVAILABILITY = YES_AGGRESSIVE;
				CLANG_WARN_UNREACHABLE_CODE = YES;
				CLANG_WARN__DUPLICATE_METHOD_MATCH = YES;
				COPY_PHASE_STRIP = NO;
				DEBUG_INFORMATION_FORMAT = "dwarf-with-dsym";
				ENABLE_NS_ASSERTIONS = NO;
				ENABLE_STRICT_OBJC_MSGSEND = YES;
				ENABLE_USER_SCRIPT_SANDBOXING = YES;
				GCC_C_LANGUAGE_STANDARD = gnu17;
				GCC_NO_COMMON_BLOCKS = YES;
				GCC_WARN_64_TO_32_BIT_CONVERSION = YES;
				GCC_WARN_ABOUT_RETURN_TYPE = YES_ERROR;
				GCC_WARN_UNDECLARED_SELECTOR = YES;
				GCC_WARN_UNINITIALIZED_AUTOS = YES_AGGRESSIVE;
				GCC_WARN_UNUSED_FUNCTION = YES;
				GCC_WARN_UNUSED_VARIABLE = YES;
				IPHONEOS_DEPLOYMENT_TARGET = 17.5;
				LOCALIZATION_PREFERS_STRING_CATALOGS = YES;
				MTL_ENABLE_DEBUG_INFO = NO;
				MTL_FAST_MATH = YES;
				SDKROOT = iphoneos;
				SWIFT_COMPILATION_MODE = wholemodule;
				VALIDATE_PRODUCT = YES;
			};
			name = Release;
		};
		B58B33622D1C2C8800ADB39C /* Debug */ = {
			isa = XCBuildConfiguration;
			buildSettings = {
				ASSETCATALOG_COMPILER_APPICON_NAME = AppIcon;
				ASSETCATALOG_COMPILER_GLOBAL_ACCENT_COLOR_NAME = AccentColor;
				CODE_SIGN_STYLE = Automatic;
				CURRENT_PROJECT_VERSION = 1;
				DEVELOPMENT_ASSET_PATHS = "\"SwiftCrypto/Preview Content\"";
				ENABLE_PREVIEWS = YES;
				GENERATE_INFOPLIST_FILE = YES;
				INFOPLIST_KEY_CFBundleDisplayName = "Crypto Tracker";
				INFOPLIST_KEY_UIApplicationSceneManifest_Generation = YES;
				INFOPLIST_KEY_UIApplicationSupportsIndirectInputEvents = YES;
				INFOPLIST_KEY_UILaunchScreen_Generation = YES;
				INFOPLIST_KEY_UISupportedInterfaceOrientations = UIInterfaceOrientationPortrait;
				LD_RUNPATH_SEARCH_PATHS = (
					"$(inherited)",
					"@executable_path/Frameworks",
				);
				MARKETING_VERSION = 1.0;
				PRODUCT_BUNDLE_IDENTIFIER = com.toni.SwiftCrypto;
				PRODUCT_NAME = "$(TARGET_NAME)";
				SWIFT_EMIT_LOC_STRINGS = YES;
				SWIFT_VERSION = 5.0;
				TARGETED_DEVICE_FAMILY = "1,2";
			};
			name = Debug;
		};
		B58B33632D1C2C8800ADB39C /* Release */ = {
			isa = XCBuildConfiguration;
			buildSettings = {
				ASSETCATALOG_COMPILER_APPICON_NAME = AppIcon;
				ASSETCATALOG_COMPILER_GLOBAL_ACCENT_COLOR_NAME = AccentColor;
				CODE_SIGN_STYLE = Automatic;
				CURRENT_PROJECT_VERSION = 1;
				DEVELOPMENT_ASSET_PATHS = "\"SwiftCrypto/Preview Content\"";
				ENABLE_PREVIEWS = YES;
				GENERATE_INFOPLIST_FILE = YES;
				INFOPLIST_KEY_CFBundleDisplayName = "Crypto Tracker";
				INFOPLIST_KEY_UIApplicationSceneManifest_Generation = YES;
				INFOPLIST_KEY_UIApplicationSupportsIndirectInputEvents = YES;
				INFOPLIST_KEY_UILaunchScreen_Generation = YES;
				INFOPLIST_KEY_UISupportedInterfaceOrientations = UIInterfaceOrientationPortrait;
				LD_RUNPATH_SEARCH_PATHS = (
					"$(inherited)",
					"@executable_path/Frameworks",
				);
				MARKETING_VERSION = 1.0;
				PRODUCT_BUNDLE_IDENTIFIER = com.toni.SwiftCrypto;
				PRODUCT_NAME = "$(TARGET_NAME)";
				SWIFT_EMIT_LOC_STRINGS = YES;
				SWIFT_VERSION = 5.0;
				TARGETED_DEVICE_FAMILY = "1,2";
			};
			name = Release;
		};
/* End XCBuildConfiguration section */

/* Begin XCConfigurationList section */
		B58B334E2D1C2C8700ADB39C /* Build configuration list for PBXProject "SwiftCrypto" */ = {
			isa = XCConfigurationList;
			buildConfigurations = (
				B58B335F2D1C2C8800ADB39C /* Debug */,
				B58B33602D1C2C8800ADB39C /* Release */,
			);
			defaultConfigurationIsVisible = 0;
			defaultConfigurationName = Release;
		};
		B58B33612D1C2C8800ADB39C /* Build configuration list for PBXNativeTarget "SwiftCrypto" */ = {
			isa = XCConfigurationList;
			buildConfigurations = (
				B58B33622D1C2C8800ADB39C /* Debug */,
				B58B33632D1C2C8800ADB39C /* Release */,
			);
			defaultConfigurationIsVisible = 0;
			defaultConfigurationName = Release;
		};
/* End XCConfigurationList section */

/* Begin XCVersionGroup section */
		B58B33A32D1F193800ADB39C /* PortfolioContainer.xcdatamodeld */ = {
			isa = XCVersionGroup;
			children = (
				B58B33A42D1F193800ADB39C /* PortfolioContainer.xcdatamodel */,
			);
			currentVersion = B58B33A42D1F193800ADB39C /* PortfolioContainer.xcdatamodel */;
			name = PortfolioContainer.xcdatamodeld;
			path = /Users/tonistoyanov/Code/Personal/Swift/SwiftCrypto/SwiftCrypto/Models/PortfolioContainer.xcdatamodeld;
			sourceTree = "<group>";
			versionGroupType = wrapper.xcdatamodel;
		};
/* End XCVersionGroup section */
	};
	rootObject = B58B334B2D1C2C8700ADB39C /* Project object */;
}
